{"1.1.0",
[{<<"base32">>,
  {git,"https://github.com/aetrion/base32_erlang",
       {ref,"40431a7480176b24863e18b92d9872e54c714df5"}},
  1},
 {<<"base58">>,
  {git,"https://github.com/mbrix/erl-base58",
       {ref,"dd22cf9fa475befb8258f4cf67d77484c0d7fd37"}},
  1},
 {<<"goldrush">>,{pkg,<<"goldrush">>,<<"0.1.9">>},1},
 {<<"gpb">>,
  {git,"https://github.com/tomas-abrahamsson/gpb",
       {ref,"360cd1692f17479704a0504865d375e3f5252968"}},
  0},
 {<<"hex">>,
  {git,"https://github.com/b/hex",
       {ref,"967f059ea49e45b7d0d82e2e1177ef860f5ec4bd"}},
  1},
 {<<"inert">>,
  {git,"https://github.com/msantos/inert",
       {ref,"0d150fafaf3945b3a9761269c273eaa1f55649db"}},
  0},
 {<<"inet_cidr">>,
  {git,"https://github.com/benoitc/inet_cidr",
       {ref,"8765a8ff36ce8b118280a30eae4e0d2c02d7f8f4"}},
  1},
 {<<"inet_ext">>,
  {git,"https://github.com/benoitc/inet_ext",
       {ref,"3d29d665c7dffd757ad3e64ba0e2ff6edb622243"}},
  1},
 {<<"lager">>,
  {git,"https://github.com/erlang-lager/lager.git",
       {ref,"c694de05f7fe0d07f624b37273cab0b751ec25b5"}},
  0},
 {<<"multiaddr">>,
  {git,"https://github.com/helium/erlang-multiaddr",
       {ref,"5a0bc1814c913be6497ab907f11bc6fa53309c52"}},
  0},
 {<<"nat_upnp">>,
  {git,"https://github.com/benoitc/nat_upnp",
       {ref,"f8276176eb7175a07ba7fba668225ded54225c49"}},
  0},
 {<<"natpmp">>,
  {git,"https://github.com/benoitc/natpmp",
       {ref,"8eab1eccebcef5cfbe5fdf3b1e5958f382565e29"}},
  0},
 {<<"ranch">>,
  {git,"https://github.com/ninenines/ranch.git",
       {ref,"55c2a9d623454f372a15e99721a37093d8773b48"}},
  0},
 {<<"small_ints">>,
  {git,"https://github.com/whatyouhide/small_ints",
       {ref,"c80501a65ed98ed7b9f03cd03c93641c2c5d6ef9"}},
  1}]}.
[
{pkg_hash,[
 {<<"goldrush">>, <<"F06E5D5F1277DA5C413E84D5A2924174182FB108DABB39D5EC548B27424CD106">>}]}
].
