[{<<"base32">>,
  {git,"https://github.com/aetrion/base32_erlang",
       {ref,"40431a7480176b24863e18b92d9872e54c714df5"}},
  1},
 {<<"base58">>,
  {git,"https://github.com/mbrix/erl-base58",
       {ref,"dd22cf9fa475befb8258f4cf67d77484c0d7fd37"}},
  1},
 {<<"hex">>,
  {git,"https://github.com/b/hex",
       {ref,"967f059ea49e45b7d0d82e2e1177ef860f5ec4bd"}},
  1},
 {<<"inert">>,
  {git,"https://github.com/msantos/inert",
       {ref,"0d150fafaf3945b3a9761269c273eaa1f55649db"}},
  0},
 {<<"multiaddr">>,
  {git,"https://github.com/helium/erlang-multiaddr",
       {ref,"0aac4a90ce27aa8c9f16d59fd2c3d31e5de4c9e9"}},
  0},
 {<<"ranch">>,
  {git,"git://github.com/ninenines/ranch.git",
       {ref,"70f9696b6c35d029ac7bce67485713aee3983917"}},
  0},
 {<<"small_ints">>,
  {git,"https://github.com/whatyouhide/small_ints",
       {ref,"c80501a65ed98ed7b9f03cd03c93641c2c5d6ef9"}},
  1}].
