{"1.1.0",
[{<<"base32">>,
  {git,"https://github.com/aetrion/base32_erlang",
       {ref,"40431a7480176b24863e18b92d9872e54c714df5"}},
  1},
 {<<"base58">>,
  {git,"https://github.com/mbrix/erl-base58",
       {ref,"dd22cf9fa475befb8258f4cf67d77484c0d7fd37"}},
  1},
 {<<"goldrush">>,{pkg,<<"goldrush">>,<<"0.1.9">>},1},
 {<<"gpb">>,
  {git,"https://github.com/tomas-abrahamsson/gpb",
       {ref,"360cd1692f17479704a0504865d375e3f5252968"}},
  0},
 {<<"hex">>,
  {git,"https://github.com/b/hex",
       {ref,"967f059ea49e45b7d0d82e2e1177ef860f5ec4bd"}},
  1},
 {<<"inert">>,
  {git,"https://github.com/msantos/inert",
       {ref,"0d150fafaf3945b3a9761269c273eaa1f55649db"}},
  0},
 {<<"lager">>,
  {git,"https://github.com/erlang-lager/lager.git",
       {ref,"cb1acd919c2c9b66632dc43830e590312d06cc2b"}},
  0},
 {<<"multiaddr">>,
  {git,"https://github.com/helium/erlang-multiaddr",
       {ref,"3a64a8b47460e350af0b8bd71fc989a4350bdc84"}},
  0},
 {<<"ranch">>,
  {git,"https://github.com/ninenines/ranch.git",
       {ref,"55c2a9d623454f372a15e99721a37093d8773b48"}},
  0},
 {<<"small_ints">>,
  {git,"https://github.com/whatyouhide/small_ints",
       {ref,"c80501a65ed98ed7b9f03cd03c93641c2c5d6ef9"}},
  1}]}.
[
{pkg_hash,[
 {<<"goldrush">>, <<"F06E5D5F1277DA5C413E84D5A2924174182FB108DABB39D5EC548B27424CD106">>}]}
].
